
Microsoft Visual Studio Solution File, Format Version 12.00
# Visual Studio 15
VisualStudioVersion = 15.0.28010.2050
MinimumVisualStudioVersion = 10.0.40219.1
Project("{9A19103F-16F7-4668-BE54-9A1E7A4F7556}") = "CalcTest.Domain", "src\CalcTest.Domain\CalcTest.Domain.csproj", "{724ADFB2-F5E9-45DE-A4C0-F844060DE5E3}"
EndProject
Project("{9A19103F-16F7-4668-BE54-9A1E7A4F7556}") = "CalcTest.Tests", "src\CalcTest.Tests\CalcTest.Tests.csproj", "{FC3A0354-E500-490C-A011-6E1FE4B3843C}"
EndProject
Project("{9A19103F-16F7-4668-BE54-9A1E7A4F7556}") = "CalcTest.Crosscutting", "src\CalcTest.Crosscutting\CalcTest.Crosscutting.csproj", "{A5F5CA6F-4577-4413-B75F-AE6654A4B5B1}"
EndProject
Project("{9A19103F-16F7-4668-BE54-9A1E7A4F7556}") = "CalcTest.Service", "src\CalcTest.Service\CalcTest.Service.csproj", "{DF3B56D7-D414-4886-84BD-8D6DF6585635}"
EndProject
Project("{9A19103F-16F7-4668-BE54-9A1E7A4F7556}") = "CalcTest.IoC", "src\CalcTest.IoC\CalcTest.IoC.csproj", "{BB6643CA-1AB5-4DF3-8B2A-771358DB9E7C}"
EndProject
Project("{9A19103F-16F7-4668-BE54-9A1E7A4F7556}") = "CalcTest.API", "src\CalcTest.API\CalcTest.API.csproj", "{A8442BDA-D48A-428A-A4B4-9175D80B39C7}"
EndProject
Global
	GlobalSection(SolutionConfigurationPlatforms) = preSolution
		Debug|Any CPU = Debug|Any CPU
		Release|Any CPU = Release|Any CPU
	EndGlobalSection
	GlobalSection(ProjectConfigurationPlatforms) = postSolution
		{724ADFB2-F5E9-45DE-A4C0-F844060DE5E3}.Debug|Any CPU.ActiveCfg = Debug|Any CPU
		{724ADFB2-F5E9-45DE-A4C0-F844060DE5E3}.Debug|Any CPU.Build.0 = Debug|Any CPU
		{724ADFB2-F5E9-45DE-A4C0-F844060DE5E3}.Release|Any CPU.ActiveCfg = Release|Any CPU
		{724ADFB2-F5E9-45DE-A4C0-F844060DE5E3}.Release|Any CPU.Build.0 = Release|Any CPU
		{FC3A0354-E500-490C-A011-6E1FE4B3843C}.Debug|Any CPU.ActiveCfg = Debug|Any CPU
		{FC3A0354-E500-490C-A011-6E1FE4B3843C}.Debug|Any CPU.Build.0 = Debug|Any CPU
		{FC3A0354-E500-490C-A011-6E1FE4B3843C}.Release|Any CPU.ActiveCfg = Release|Any CPU
		{FC3A0354-E500-490C-A011-6E1FE4B3843C}.Release|Any CPU.Build.0 = Release|Any CPU
		{A5F5CA6F-4577-4413-B75F-AE6654A4B5B1}.Debug|Any CPU.ActiveCfg = Debug|Any CPU
		{A5F5CA6F-4577-4413-B75F-AE6654A4B5B1}.Debug|Any CPU.Build.0 = Debug|Any CPU
		{A5F5CA6F-4577-4413-B75F-AE6654A4B5B1}.Release|Any CPU.ActiveCfg = Release|Any CPU
		{A5F5CA6F-4577-4413-B75F-AE6654A4B5B1}.Release|Any CPU.Build.0 = Release|Any CPU
		{DF3B56D7-D414-4886-84BD-8D6DF6585635}.Debug|Any CPU.ActiveCfg = Debug|Any CPU
		{DF3B56D7-D414-4886-84BD-8D6DF6585635}.Debug|Any CPU.Build.0 = Debug|Any CPU
		{DF3B56D7-D414-4886-84BD-8D6DF6585635}.Release|Any CPU.ActiveCfg = Release|Any CPU
		{DF3B56D7-D414-4886-84BD-8D6DF6585635}.Release|Any CPU.Build.0 = Release|Any CPU
		{BB6643CA-1AB5-4DF3-8B2A-771358DB9E7C}.Debug|Any CPU.ActiveCfg = Debug|Any CPU
		{BB6643CA-1AB5-4DF3-8B2A-771358DB9E7C}.Debug|Any CPU.Build.0 = Debug|Any CPU
		{BB6643CA-1AB5-4DF3-8B2A-771358DB9E7C}.Release|Any CPU.ActiveCfg = Release|Any CPU
		{BB6643CA-1AB5-4DF3-8B2A-771358DB9E7C}.Release|Any CPU.Build.0 = Release|Any CPU
		{A8442BDA-D48A-428A-A4B4-9175D80B39C7}.Debug|Any CPU.ActiveCfg = Debug|Any CPU
		{A8442BDA-D48A-428A-A4B4-9175D80B39C7}.Debug|Any CPU.Build.0 = Debug|Any CPU
		{A8442BDA-D48A-428A-A4B4-9175D80B39C7}.Release|Any CPU.ActiveCfg = Release|Any CPU
		{A8442BDA-D48A-428A-A4B4-9175D80B39C7}.Release|Any CPU.Build.0 = Release|Any CPU
	EndGlobalSection
	GlobalSection(SolutionProperties) = preSolution
		HideSolutionNode = FALSE
	EndGlobalSection
	GlobalSection(ExtensibilityGlobals) = postSolution
		SolutionGuid = {59C18F15-26CC-49BA-B6D9-092FE970DBFD}
	EndGlobalSection
EndGlobal
